// !$*UTF8*$!
{
	archiveVersion = 1;
	classes = {
	};
	objectVersion = 90;
	objects = {

/* Begin PBXBuildFile section */
		1825271D304E0A3900E14321 /* DeviceActivity.framework in Frameworks */ = {isa = PBXBuildFile; fileRef = 18252708304E09DA00E14321 /* DeviceActivity.framework */; };
		18252725304E0A3900E14321 /* DeviceActivityMonitorExtension.appex in Embed Foundation Extensions */ = {isa = PBXBuildFile; fileRef = 1825271C304E0A3900E14321 /* DeviceActivityMonitorExtension.appex */; settings = {ATTRIBUTES = (RemoveHeadersOnCopy, ); }; };
		18252731304E0F3F00E14321 /* ScreenTimeNextCore in Frameworks */ = {isa = PBXBuildFile; productRef = 18252730304E0F3F00E14321 /* ScreenTimeNextCore */; };
		182527AA304E1D1E00E14321 /* ManagedSettings.framework in Frameworks */ = {isa = PBXBuildFile; fileRef = 182527A9304E1D1E00E14321 /* ManagedSettings.framework */; };
		182527AC304E1D1E00E14321 /* ManagedSettingsUI.framework in Frameworks */ = {isa = PBXBuildFile; fileRef = 182527AB304E1D1E00E14321 /* ManagedSettingsUI.framework */; };
		182527B4304E1D1E00E14321 /* ShieldConfigurationExtension.appex in Embed Foundation Extensions */ = {isa = PBXBuildFile; fileRef = 182527A8304E1D1E00E14321 /* ShieldConfigurationExtension.appex */; settings = {ATTRIBUTES = (RemoveHeadersOnCopy, ); }; };
		182527BE304E1D5000E14321 /* ManagedSettings.framework in Frameworks */ = {isa = PBXBuildFile; fileRef = 182527A9304E1D1E00E14321 /* ManagedSettings.framework */; };
		182527C6304E1D5000E14321 /* ShieldActionExtension.appex in Embed Foundation Extensions */ = {isa = PBXBuildFile; fileRef = 182527BD304E1D5000E14321 /* ShieldActionExtension.appex */; settings = {ATTRIBUTES = (RemoveHeadersOnCopy, ); }; };
		18252844304E1E2900E14321 /* ScreenTimeNextCore in Frameworks */ = {isa = PBXBuildFile; productRef = 18252843304E1E2900E14321 /* ScreenTimeNextCore */; };
		18252846304E1E4A00E14321 /* ScreenTimeNextCore in Frameworks */ = {isa = PBXBuildFile; productRef = 18252845304E1E4A00E14321 /* ScreenTimeNextCore */; };
		18862832304BDB6500CB1A52 /* WidgetKit.framework in Frameworks */ = {isa = PBXBuildFile; fileRef = 18862831304BDB6500CB1A52 /* WidgetKit.framework */; };
		18862834304BDB6500CB1A52 /* SwiftUI.framework in Frameworks */ = {isa = PBXBuildFile; fileRef = 18862833304BDB6500CB1A52 /* SwiftUI.framework */; };
		18862843304BDB6700CB1A52 /* ScreenTimeNextWidgetsExtension.appex in Embed Foundation Extensions */ = {isa = PBXBuildFile; fileRef = 1886282F304BDB6500CB1A52 /* ScreenTimeNextWidgetsExtension.appex */; settings = {ATTRIBUTES = (RemoveHeadersOnCopy, ); }; };
		18862896304BDC9B00CB1A52 /* ScreenTimeNextCore in Frameworks */ = {isa = PBXBuildFile; productRef = 18862895304BDC9B00CB1A52 /* ScreenTimeNextCore */; };
		18CD1D74304BBA47006BAE45 /* ScreenTimeNextCore in Frameworks */ = {isa = PBXBuildFile; productRef = 18CD1D73304BBA47006BAE45 /* ScreenTimeNextCore */; };
/* End PBXBuildFile section */

/* Begin PBXContainerItemProxy section */
		18252723304E0A3900E14321 /* PBXContainerItemProxy */ = {
			isa = PBXContainerItemProxy;
			containerPortal = 000000000000000000000000 /* Project object */;
			proxyType = 1;
			remoteGlobalIDString = 1825271B304E0A3900E14321;
			remoteInfo = DeviceActivityMonitorExtension;
		};
		182527B2304E1D1E00E14321 /* PBXContainerItemProxy */ = {
			isa = PBXContainerItemProxy;
			containerPortal = 000000000000000000000000 /* Project object */;
			proxyType = 1;
			remoteGlobalIDString = 182527A7304E1D1E00E14321;
			remoteInfo = ShieldConfigurationExtension;
		};
		182527C4304E1D5000E14321 /* PBXContainerItemProxy */ = {
			isa = PBXContainerItemProxy;
			containerPortal = 000000000000000000000000 /* Project object */;
			proxyType = 1;
			remoteGlobalIDString = 182527BC304E1D5000E14321;
			remoteInfo = ShieldActionExtension;
		};
		18862841304BDB6700CB1A52 /* PBXContainerItemProxy */ = {
			isa = PBXContainerItemProxy;
			containerPortal = 000000000000000000000000 /* Project object */;
			proxyType = 1;
			remoteGlobalIDString = 1886282E304BDB6500CB1A52;
			remoteInfo = ScreenTimeNextWidgetsExtension;
		};
/* End PBXContainerItemProxy section */

/* Begin PBXCopyFilesBuildPhase section */
		18862844304BDB6700CB1A52 /* Embed Foundation Extensions */ = {
			isa = PBXCopyFilesBuildPhase;
			dstPath = "";
			dstSubfolder = PlugIns;
			files = (
				18252725304E0A3900E14321 /* DeviceActivityMonitorExtension.appex in Embed Foundation Extensions */,
				182527B4304E1D1E00E14321 /* ShieldConfigurationExtension.appex in Embed Foundation Extensions */,
				18862843304BDB6700CB1A52 /* ScreenTimeNextWidgetsExtension.appex in Embed Foundation Extensions */,
				182527C6304E1D5000E14321 /* ShieldActionExtension.appex in Embed Foundation Extensions */,
			);
			name = "Embed Foundation Extensions";
		};
/* End PBXCopyFilesBuildPhase section */

/* Begin PBXFileReference section */
		000000000000000000000120 /* ScreenTimeNext.app */ = {isa = PBXFileReference; explicitFileType = wrapper.application; includeInIndex = 0; path = ScreenTimeNext.app; sourceTree = BUILT_PRODUCTS_DIR; };
		18252708304E09DA00E14321 /* DeviceActivity.framework */ = {isa = PBXFileReference; lastKnownFileType = wrapper.framework; name = DeviceActivity.framework; path = System/Library/Frameworks/DeviceActivity.framework; sourceTree = SDKROOT; };
		1825271C304E0A3900E14321 /* DeviceActivityMonitorExtension.appex */ = {isa = PBXFileReference; explicitFileType = "wrapper.app-extension"; includeInIndex = 0; path = DeviceActivityMonitorExtension.appex; sourceTree = BUILT_PRODUCTS_DIR; };
		182527A8304E1D1E00E14321 /* ShieldConfigurationExtension.appex */ = {isa = PBXFileReference; explicitFileType = "wrapper.app-extension"; includeInIndex = 0; path = ShieldConfigurationExtension.appex; sourceTree = BUILT_PRODUCTS_DIR; };
		182527A9304E1D1E00E14321 /* ManagedSettings.framework */ = {isa = PBXFileReference; lastKnownFileType = wrapper.framework; name = ManagedSettings.framework; path = System/Library/Frameworks/ManagedSettings.framework; sourceTree = SDKROOT; };
		182527AB304E1D1E00E14321 /* ManagedSettingsUI.framework */ = {isa = PBXFileReference; lastKnownFileType = wrapper.framework; name = ManagedSettingsUI.framework; path = Library/Frameworks/ManagedSettingsUI.framework; sourceTree = DEVELOPER_DIR; };
		182527BD304E1D5000E14321 /* ShieldActionExtension.appex */ = {isa = PBXFileReference; explicitFileType = "wrapper.app-extension"; includeInIndex = 0; path = ShieldActionExtension.appex; sourceTree = BUILT_PRODUCTS_DIR; };
		1886282F304BDB6500CB1A52 /* ScreenTimeNextWidgetsExtension.appex */ = {isa = PBXFileReference; explicitFileType = "wrapper.app-extension"; includeInIndex = 0; path = ScreenTimeNextWidgetsExtension.appex; sourceTree = BUILT_PRODUCTS_DIR; };
		18862831304BDB6500CB1A52 /* WidgetKit.framework */ = {isa = PBXFileReference; lastKnownFileType = wrapper.framework; name = WidgetKit.framework; path = System/Library/Frameworks/WidgetKit.framework; sourceTree = SDKROOT; };
		18862833304BDB6500CB1A52 /* SwiftUI.framework */ = {isa = PBXFileReference; lastKnownFileType = wrapper.framework; name = SwiftUI.framework; path = System/Library/Frameworks/SwiftUI.framework; sourceTree = SDKROOT; };
/* End PBXFileReference section */

/* Begin PBXFileSystemSynchronizedBuildFileExceptionSet section */
		18252726304E0A3900E14321 /* Exceptions for "DeviceActivityMonitorExtension" folder in "DeviceActivityMonitorExtension" target */ = {
			isa = PBXFileSystemSynchronizedBuildFileExceptionSet;
			membershipExceptions = (
				Info.plist,
			);
			target = 1825271B304E0A3900E14321 /* DeviceActivityMonitorExtension */;
		};
		182527B5304E1D1E00E14321 /* Exceptions for "ShieldConfigurationExtension" folder in "ShieldConfigurationExtension" target */ = {
			isa = PBXFileSystemSynchronizedBuildFileExceptionSet;
			membershipExceptions = (
				Info.plist,
			);
			target = 182527A7304E1D1E00E14321 /* ShieldConfigurationExtension */;
		};
		182527C7304E1D5000E14321 /* Exceptions for "ShieldActionExtension" folder in "ShieldActionExtension" target */ = {
			isa = PBXFileSystemSynchronizedBuildFileExceptionSet;
			membershipExceptions = (
				Info.plist,
			);
			target = 182527BC304E1D5000E14321 /* ShieldActionExtension */;
		};
		1825284A304E254000E14321 /* Exceptions for "ScreenTimeNext" folder in "DeviceActivityMonitorExtension" target */ = {
			isa = PBXFileSystemSynchronizedBuildFileExceptionSet;
			membershipExceptions = (
				ScreenTime/Selection/AppGroupSelectionService.swift,
				ScreenTime/Selection/FamilyActivitySelectionCoding.swift,
				ScreenTime/Shielding/Enforcement.swift,
				ScreenTime/Shielding/ManagedSettingsShieldService.swift,
			);
			target = 1825271B304E0A3900E14321 /* DeviceActivityMonitorExtension */;
		};
		18862847304BDB6700CB1A52 /* Exceptions for "ScreenTimeNextWidgets" folder in "ScreenTimeNextWidgetsExtension" target */ = {
			isa = PBXFileSystemSynchronizedBuildFileExceptionSet;
			membershipExceptions = (
				Info.plist,
			);
			target = 1886282E304BDB6500CB1A52 /* ScreenTimeNextWidgetsExtension */;
		};
/* End PBXFileSystemSynchronizedBuildFileExceptionSet section */

/* Begin PBXFileSystemSynchronizedRootGroup section */
		000000000000000000000010 /* ScreenTimeNext */ = {
			isa = PBXFileSystemSynchronizedRootGroup;
			exceptions = (
				1825284A304E254000E14321 /* Exceptions for "ScreenTimeNext" folder in "DeviceActivityMonitorExtension" target */,
			);
			path = ScreenTimeNext;
			sourceTree = "<group>";
		};
		1825271E304E0A3900E14321 /* DeviceActivityMonitorExtension */ = {
			isa = PBXFileSystemSynchronizedRootGroup;
			exceptions = (
				18252726304E0A3900E14321 /* Exceptions for "DeviceActivityMonitorExtension" folder in "DeviceActivityMonitorExtension" target */,
			);
			path = DeviceActivityMonitorExtension;
			sourceTree = "<group>";
		};
		182527AD304E1D1E00E14321 /* ShieldConfigurationExtension */ = {
			isa = PBXFileSystemSynchronizedRootGroup;
			exceptions = (
				182527B5304E1D1E00E14321 /* Exceptions for "ShieldConfigurationExtension" folder in "ShieldConfigurationExtension" target */,
			);
			path = ShieldConfigurationExtension;
			sourceTree = "<group>";
		};
		182527BF304E1D5000E14321 /* ShieldActionExtension */ = {
			isa = PBXFileSystemSynchronizedRootGroup;
			exceptions = (
				182527C7304E1D5000E14321 /* Exceptions for "ShieldActionExtension" folder in "ShieldActionExtension" target */,
			);
			path = ShieldActionExtension;
			sourceTree = "<group>";
		};
		18862835304BDB6500CB1A52 /* ScreenTimeNextWidgets */ = {
			isa = PBXFileSystemSynchronizedRootGroup;
			exceptions = (
				18862847304BDB6700CB1A52 /* Exceptions for "ScreenTimeNextWidgets" folder in "ScreenTimeNextWidgetsExtension" target */,
			);
			path = ScreenTimeNextWidgets;
			sourceTree = "<group>";
		};
/* End PBXFileSystemSynchronizedRootGroup section */

/* Begin PBXFrameworksBuildPhase section */
		000000000000000130000000 /* Frameworks */ = {
			isa = PBXFrameworksBuildPhase;
			files = (
				18CD1D74304BBA47006BAE45 /* ScreenTimeNextCore in Frameworks */,
			);
		};
		18252719304E0A3900E14321 /* Frameworks */ = {
			isa = PBXFrameworksBuildPhase;
			files = (
				1825271D304E0A3900E14321 /* DeviceActivity.framework in Frameworks */,
				18252731304E0F3F00E14321 /* ScreenTimeNextCore in Frameworks */,
			);
		};
		182527A5304E1D1E00E14321 /* Frameworks */ = {
			isa = PBXFrameworksBuildPhase;
			files = (
				182527AA304E1D1E00E14321 /* ManagedSettings.framework in Frameworks */,
				18252844304E1E2900E14321 /* ScreenTimeNextCore in Frameworks */,
				182527AC304E1D1E00E14321 /* ManagedSettingsUI.framework in Frameworks */,
			);
		};
		182527BA304E1D5000E14321 /* Frameworks */ = {
			isa = PBXFrameworksBuildPhase;
			files = (
				182527BE304E1D5000E14321 /* ManagedSettings.framework in Frameworks */,
				18252846304E1E4A00E14321 /* ScreenTimeNextCore in Frameworks */,
			);
		};
		1886282C304BDB6500CB1A52 /* Frameworks */ = {
			isa = PBXFrameworksBuildPhase;
			files = (
				18862834304BDB6500CB1A52 /* SwiftUI.framework in Frameworks */,
				18862896304BDC9B00CB1A52 /* ScreenTimeNextCore in Frameworks */,
				18862832304BDB6500CB1A52 /* WidgetKit.framework in Frameworks */,
			);
		};
/* End PBXFrameworksBuildPhase section */

/* Begin PBXGroup section */
		000000000000000000000001 = {
			isa = PBXGroup;
			children = (
				000000000000000000000010 /* ScreenTimeNext */,
				18862835304BDB6500CB1A52 /* ScreenTimeNextWidgets */,
				1825271E304E0A3900E14321 /* DeviceActivityMonitorExtension */,
				182527AD304E1D1E00E14321 /* ShieldConfigurationExtension */,
				182527BF304E1D5000E14321 /* ShieldActionExtension */,
				18862830304BDB6500CB1A52 /* Frameworks */,
				000000000000000000000020 /* Products */,
			);
			sourceTree = "<group>";
		};
		000000000000000000000020 /* Products */ = {
			isa = PBXGroup;
			children = (
				000000000000000000000120 /* ScreenTimeNext.app */,
				1886282F304BDB6500CB1A52 /* ScreenTimeNextWidgetsExtension.appex */,
				1825271C304E0A3900E14321 /* DeviceActivityMonitorExtension.appex */,
				182527A8304E1D1E00E14321 /* ShieldConfigurationExtension.appex */,
				182527BD304E1D5000E14321 /* ShieldActionExtension.appex */,
			);
			name = Products;
			sourceTree = "<group>";
		};
		18862830304BDB6500CB1A52 /* Frameworks */ = {
			isa = PBXGroup;
			children = (
				18862831304BDB6500CB1A52 /* WidgetKit.framework */,
				18862833304BDB6500CB1A52 /* SwiftUI.framework */,
				18252708304E09DA00E14321 /* DeviceActivity.framework */,
				182527A9304E1D1E00E14321 /* ManagedSettings.framework */,
				182527AB304E1D1E00E14321 /* ManagedSettingsUI.framework */,
			);
			name = Frameworks;
			sourceTree = "<group>";
		};
/* End PBXGroup section */

/* Begin PBXNativeTarget section */
		000000000000000100000000 /* ScreenTimeNext */ = {
			isa = PBXNativeTarget;
			buildConfigurationList = 000000000000000110000000 /* Build configuration list for PBXNativeTarget "ScreenTimeNext" */;
			buildPhases = (
				000000000000000120000000 /* Sources */,
				000000000000000130000000 /* Frameworks */,
				000000000000000140000000 /* Resources */,
				18862844304BDB6700CB1A52 /* Embed Foundation Extensions */,
			);
			buildRules = (
			);
			dependencies = (
				18862842304BDB6700CB1A52 /* PBXTargetDependency */,
				18252724304E0A3900E14321 /* PBXTargetDependency */,
				182527B3304E1D1E00E14321 /* PBXTargetDependency */,
				182527C5304E1D5000E14321 /* PBXTargetDependency */,
			);
			fileSystemSynchronizedGroups = (
				000000000000000000000010 /* ScreenTimeNext */,
			);
			name = ScreenTimeNext;
			packageProductDependencies = (
				18CD1D73304BBA47006BAE45 /* ScreenTimeNextCore */,
			);
			productName = ScreenTimeNext;
			productReference = 000000000000000000000120 /* ScreenTimeNext.app */;
			productType = "com.apple.product-type.application";
		};
		1825271B304E0A3900E14321 /* DeviceActivityMonitorExtension */ = {
			isa = PBXNativeTarget;
			buildConfigurationList = 18252727304E0A3900E14321 /* Build configuration list for PBXNativeTarget "DeviceActivityMonitorExtension" */;
			buildPhases = (
				18252718304E0A3900E14321 /* Sources */,
				18252719304E0A3900E14321 /* Frameworks */,
				1825271A304E0A3900E14321 /* Resources */,
			);
			buildRules = (
			);
			fileSystemSynchronizedGroups = (
				1825271E304E0A3900E14321 /* DeviceActivityMonitorExtension */,
			);
			name = DeviceActivityMonitorExtension;
			packageProductDependencies = (
				18252730304E0F3F00E14321 /* ScreenTimeNextCore */,
			);
			productName = DeviceActivityMonitorExtension;
			productReference = 1825271C304E0A3900E14321 /* DeviceActivityMonitorExtension.appex */;
			productType = "com.apple.product-type.app-extension";
		};
		182527A7304E1D1E00E14321 /* ShieldConfigurationExtension */ = {
			isa = PBXNativeTarget;
			buildConfigurationList = 182527B6304E1D1E00E14321 /* Build configuration list for PBXNativeTarget "ShieldConfigurationExtension" */;
			buildPhases = (
				182527A4304E1D1E00E14321 /* Sources */,
				182527A5304E1D1E00E14321 /* Frameworks */,
				182527A6304E1D1E00E14321 /* Resources */,
			);
			buildRules = (
			);
			fileSystemSynchronizedGroups = (
				182527AD304E1D1E00E14321 /* ShieldConfigurationExtension */,
			);
			name = ShieldConfigurationExtension;
			packageProductDependencies = (
				18252843304E1E2900E14321 /* ScreenTimeNextCore */,
			);
			productName = ShieldConfigurationExtension;
			productReference = 182527A8304E1D1E00E14321 /* ShieldConfigurationExtension.appex */;
			productType = "com.apple.product-type.app-extension";
		};
		182527BC304E1D5000E14321 /* ShieldActionExtension */ = {
			isa = PBXNativeTarget;
			buildConfigurationList = 182527C8304E1D5000E14321 /* Build configuration list for PBXNativeTarget "ShieldActionExtension" */;
			buildPhases = (
				182527B9304E1D5000E14321 /* Sources */,
				182527BA304E1D5000E14321 /* Frameworks */,
				182527BB304E1D5000E14321 /* Resources */,
			);
			buildRules = (
			);
			fileSystemSynchronizedGroups = (
				182527BF304E1D5000E14321 /* ShieldActionExtension */,
			);
			name = ShieldActionExtension;
			packageProductDependencies = (
				18252845304E1E4A00E14321 /* ScreenTimeNextCore */,
			);
			productName = ShieldActionExtension;
			productReference = 182527BD304E1D5000E14321 /* ShieldActionExtension.appex */;
			productType = "com.apple.product-type.app-extension";
		};
		1886282E304BDB6500CB1A52 /* ScreenTimeNextWidgetsExtension */ = {
			isa = PBXNativeTarget;
			buildConfigurationList = 18862848304BDB6700CB1A52 /* Build configuration list for PBXNativeTarget "ScreenTimeNextWidgetsExtension" */;
			buildPhases = (
				1886282B304BDB6500CB1A52 /* Sources */,
				1886282C304BDB6500CB1A52 /* Frameworks */,
				1886282D304BDB6500CB1A52 /* Resources */,
			);
			buildRules = (
			);
			fileSystemSynchronizedGroups = (
				18862835304BDB6500CB1A52 /* ScreenTimeNextWidgets */,
			);
			name = ScreenTimeNextWidgetsExtension;
			packageProductDependencies = (
				18862895304BDC9B00CB1A52 /* ScreenTimeNextCore */,
			);
			productName = ScreenTimeNextWidgetsExtension;
			productReference = 1886282F304BDB6500CB1A52 /* ScreenTimeNextWidgetsExtension.appex */;
			productType = "com.apple.product-type.app-extension";
		};
/* End PBXNativeTarget section */

/* Begin PBXProject section */
		000000000000000000000000 /* Project object */ = {
			isa = PBXProject;
			attributes = {
				BuildIndependentTargetsInParallel = 1;
				LastSwiftUpdateCheck = 2700;
				LastUpgradeCheck = 2700;
				TargetAttributes = {
					000000000000000100000000 = {
						CreatedOnToolsVersion = 26.3;
					};
					1825271B304E0A3900E14321 = {
						CreatedOnToolsVersion = 27.0;
					};
					182527A7304E1D1E00E14321 = {
						CreatedOnToolsVersion = 27.0;
					};
					182527BC304E1D5000E14321 = {
						CreatedOnToolsVersion = 27.0;
					};
					1886282E304BDB6500CB1A52 = {
						CreatedOnToolsVersion = 27.0;
					};
				};
			};
			buildConfigurationList = 000000000000000010000000 /* Build configuration list for PBXProject "ScreenTimeNext" */;
			developmentRegion = en;
			hasScannedForEncodings = 0;
			knownRegions = (
				en,
				Base,
			);
			mainGroup = 000000000000000000000001;
			minimizedProjectReferenceProxies = 1;
			packageReferences = (
				18CD1D72304BBA47006BAE45 /* XCLocalSwiftPackageReference "Packages/ScreenTimeNextCore" */,
			);
			preferredProjectObjectVersion = 90;
			productRefGroup = 000000000000000000000020 /* Products */;
			projectDirPath = "";
			projectRoot = "";
			targets = (
				000000000000000100000000 /* ScreenTimeNext */,
				1886282E304BDB6500CB1A52 /* ScreenTimeNextWidgetsExtension */,
				1825271B304E0A3900E14321 /* DeviceActivityMonitorExtension */,
				182527A7304E1D1E00E14321 /* ShieldConfigurationExtension */,
				182527BC304E1D5000E14321 /* ShieldActionExtension */,
			);
		};
/* End PBXProject section */

/* Begin PBXResourcesBuildPhase section */
		000000000000000140000000 /* Resources */ = {
			isa = PBXResourcesBuildPhase;
			files = (
			);
		};
		1825271A304E0A3900E14321 /* Resources */ = {
			isa = PBXResourcesBuildPhase;
			files = (
			);
		};
		182527A6304E1D1E00E14321 /* Resources */ = {
			isa = PBXResourcesBuildPhase;
			files = (
			);
		};
		182527BB304E1D5000E14321 /* Resources */ = {
			isa = PBXResourcesBuildPhase;
			files = (
			);
		};
		1886282D304BDB6500CB1A52 /* Resources */ = {
			isa = PBXResourcesBuildPhase;
			files = (
			);
		};
/* End PBXResourcesBuildPhase section */

/* Begin PBXSourcesBuildPhase section */
		000000000000000120000000 /* Sources */ = {
			isa = PBXSourcesBuildPhase;
			files = (
			);
		};
		18252718304E0A3900E14321 /* Sources */ = {
			isa = PBXSourcesBuildPhase;
			files = (
			);
		};
		182527A4304E1D1E00E14321 /* Sources */ = {
			isa = PBXSourcesBuildPhase;
			files = (
			);
		};
		182527B9304E1D5000E14321 /* Sources */ = {
			isa = PBXSourcesBuildPhase;
			files = (
			);
		};
		1886282B304BDB6500CB1A52 /* Sources */ = {
			isa = PBXSourcesBuildPhase;
			files = (
			);
		};
/* End PBXSourcesBuildPhase section */

/* Begin PBXTargetDependency section */
		18252724304E0A3900E14321 /* PBXTargetDependency */ = {
			isa = PBXTargetDependency;
			target = 1825271B304E0A3900E14321 /* DeviceActivityMonitorExtension */;
			targetProxy = 18252723304E0A3900E14321 /* PBXContainerItemProxy */;
		};
		182527B3304E1D1E00E14321 /* PBXTargetDependency */ = {
			isa = PBXTargetDependency;
			target = 182527A7304E1D1E00E14321 /* ShieldConfigurationExtension */;
			targetProxy = 182527B2304E1D1E00E14321 /* PBXContainerItemProxy */;
		};
		182527C5304E1D5000E14321 /* PBXTargetDependency */ = {
			isa = PBXTargetDependency;
			target = 182527BC304E1D5000E14321 /* ShieldActionExtension */;
			targetProxy = 182527C4304E1D5000E14321 /* PBXContainerItemProxy */;
		};
		18862842304BDB6700CB1A52 /* PBXTargetDependency */ = {
			isa = PBXTargetDependency;
			target = 1886282E304BDB6500CB1A52 /* ScreenTimeNextWidgetsExtension */;
			targetProxy = 18862841304BDB6700CB1A52 /* PBXContainerItemProxy */;
		};
/* End PBXTargetDependency section */

/* Begin XCBuildConfiguration section */
		000000000000000011000000 /* Debug configuration for PBXProject "ScreenTimeNext" */ = {
			isa = XCBuildConfiguration;
			buildSettings = {
				ALWAYS_SEARCH_USER_PATHS = NO;
				APPLETVOS_DEPLOYMENT_TARGET = 27.0;
				ASSETCATALOG_COMPILER_GENERATE_SWIFT_ASSET_SYMBOL_EXTENSIONS = YES;
				CLANG_ANALYZER_NONNULL = YES;
				CLANG_ANALYZER_NUMBER_OBJECT_CONVERSION = YES_AGGRESSIVE;
				CLANG_CXX_LANGUAGE_STANDARD = "gnu++20";
				CLANG_ENABLE_MODULES = YES;
				CLANG_ENABLE_OBJC_ARC = YES;
				CLANG_ENABLE_OBJC_WEAK = YES;
				CLANG_WARN_BLOCK_CAPTURE_AUTORELEASING = YES;
				CLANG_WARN_BOOL_CONVERSION = YES;
				CLANG_WARN_COMMA = YES;
				CLANG_WARN_CONSTANT_CONVERSION = YES;
				CLANG_WARN_DEPRECATED_OBJC_IMPLEMENTATIONS = YES;
				CLANG_WARN_DIRECT_OBJC_ISA_USAGE = YES_ERROR;
				CLANG_WARN_DOCUMENTATION_COMMENTS = YES;
				CLANG_WARN_EMPTY_BODY = YES;
				CLANG_WARN_ENUM_CONVERSION = YES;
				CLANG_WARN_INFINITE_RECURSION = YES;
				CLANG_WARN_INT_CONVERSION = YES;
				CLANG_WARN_NON_LITERAL_NULL_CONVERSION = YES;
				CLANG_WARN_OBJC_IMPLICIT_RETAIN_SELF = YES;
				CLANG_WARN_OBJC_LITERAL_CONVERSION = YES;
				CLANG_WARN_OBJC_ROOT_CLASS = YES_ERROR;
				CLANG_WARN_QUOTED_INCLUDE_IN_FRAMEWORK_HEADER = YES;
				CLANG_WARN_RANGE_LOOP_ANALYSIS = YES;
				CLANG_WARN_STRICT_PROTOTYPES = YES;
				CLANG_WARN_SUSPICIOUS_MOVE = YES;
				CLANG_WARN_UNGUARDED_AVAILABILITY = YES_AGGRESSIVE;
				CLANG_WARN_UNREACHABLE_CODE = YES;
				CLANG_WARN__DUPLICATE_METHOD_MATCH = YES;
				COPY_PHASE_STRIP = NO;
				DEAD_CODE_STRIPPING = YES;
				DEBUG_INFORMATION_FORMAT = dwarf;
				DRIVERKIT_DEPLOYMENT_TARGET = 27.0;
				ENABLE_STRICT_OBJC_MSGSEND = YES;
				ENABLE_TESTABILITY = YES;
				ENABLE_USER_SCRIPT_SANDBOXING = YES;
				GCC_C_LANGUAGE_STANDARD = gnu17;
				GCC_DYNAMIC_NO_PIC = NO;
				GCC_NO_COMMON_BLOCKS = YES;
				GCC_OPTIMIZATION_LEVEL = 0;
				GCC_PREPROCESSOR_DEFINITIONS = (
					"DEBUG=1",
					"$(inherited)",
				);
				GCC_WARN_64_TO_32_BIT_CONVERSION = YES;
				GCC_WARN_ABOUT_RETURN_TYPE = YES_ERROR;
				GCC_WARN_UNDECLARED_SELECTOR = YES;
				GCC_WARN_UNINITIALIZED_AUTOS = YES_AGGRESSIVE;
				GCC_WARN_UNUSED_FUNCTION = YES;
				GCC_WARN_UNUSED_VARIABLE = YES;
				IPHONEOS_DEPLOYMENT_TARGET = 18.0;
				LOCALIZATION_PREFERS_STRING_CATALOGS = YES;
				MACOSX_DEPLOYMENT_TARGET = 27.0;
				MTL_ENABLE_DEBUG_INFO = INCLUDE_SOURCE;
				MTL_FAST_MATH = YES;
				ONLY_ACTIVE_ARCH = YES;
				PROJECT_UNIQUE_VALUE = R3Z1B43X;
				STRING_CATALOG_GENERATE_SYMBOLS = YES;
				SWIFT_ACTIVE_COMPILATION_CONDITIONS = "DEBUG $(inherited)";
				SWIFT_OPTIMIZATION_LEVEL = "-Onone";
				WATCHOS_DEPLOYMENT_TARGET = 27.0;
				XROS_DEPLOYMENT_TARGET = 27.0;
			};
			name = Debug;
		};
		000000000000000012000000 /* Release configuration for PBXProject "ScreenTimeNext" */ = {
			isa = XCBuildConfiguration;
			buildSettings = {
				ALWAYS_SEARCH_USER_PATHS = NO;
				APPLETVOS_DEPLOYMENT_TARGET = 27.0;
				ASSETCATALOG_COMPILER_GENERATE_SWIFT_ASSET_SYMBOL_EXTENSIONS = YES;
				CLANG_ANALYZER_NONNULL = YES;
				CLANG_ANALYZER_NUMBER_OBJECT_CONVERSION = YES_AGGRESSIVE;
				CLANG_CXX_LANGUAGE_STANDARD = "gnu++20";
				CLANG_ENABLE_MODULES = YES;
				CLANG_ENABLE_OBJC_ARC = YES;
				CLANG_ENABLE_OBJC_WEAK = YES;
				CLANG_WARN_BLOCK_CAPTURE_AUTORELEASING = YES;
				CLANG_WARN_BOOL_CONVERSION = YES;
				CLANG_WARN_COMMA = YES;
				CLANG_WARN_CONSTANT_CONVERSION = YES;
				CLANG_WARN_DEPRECATED_OBJC_IMPLEMENTATIONS = YES;
				CLANG_WARN_DIRECT_OBJC_ISA_USAGE = YES_ERROR;
				CLANG_WARN_DOCUMENTATION_COMMENTS = YES;
				CLANG_WARN_EMPTY_BODY = YES;
				CLANG_WARN_ENUM_CONVERSION = YES;
				CLANG_WARN_INFINITE_RECURSION = YES;
				CLANG_WARN_INT_CONVERSION = YES;
				CLANG_WARN_NON_LITERAL_NULL_CONVERSION = YES;
				CLANG_WARN_OBJC_IMPLICIT_RETAIN_SELF = YES;
				CLANG_WARN_OBJC_LITERAL_CONVERSION = YES;
				CLANG_WARN_OBJC_ROOT_CLASS = YES_ERROR;
				CLANG_WARN_QUOTED_INCLUDE_IN_FRAMEWORK_HEADER = YES;
				CLANG_WARN_RANGE_LOOP_ANALYSIS = YES;
				CLANG_WARN_STRICT_PROTOTYPES = YES;
				CLANG_WARN_SUSPICIOUS_MOVE = YES;
				CLANG_WARN_UNGUARDED_AVAILABILITY = YES_AGGRESSIVE;
				CLANG_WARN_UNREACHABLE_CODE = YES;
				CLANG_WARN__DUPLICATE_METHOD_MATCH = YES;
				COPY_PHASE_STRIP = NO;
				DEAD_CODE_STRIPPING = YES;
				DEBUG_INFORMATION_FORMAT = "dwarf-with-dsym";
				DRIVERKIT_DEPLOYMENT_TARGET = 27.0;
				ENABLE_NS_ASSERTIONS = NO;
				ENABLE_STRICT_OBJC_MSGSEND = YES;
				ENABLE_USER_SCRIPT_SANDBOXING = YES;
				GCC_C_LANGUAGE_STANDARD = gnu17;
				GCC_NO_COMMON_BLOCKS = YES;
				GCC_WARN_64_TO_32_BIT_CONVERSION = YES;
				GCC_WARN_ABOUT_RETURN_TYPE = YES_ERROR;
				GCC_WARN_UNDECLARED_SELECTOR = YES;
				GCC_WARN_UNINITIALIZED_AUTOS = YES_AGGRESSIVE;
				GCC_WARN_UNUSED_FUNCTION = YES;
				GCC_WARN_UNUSED_VARIABLE = YES;
				IPHONEOS_DEPLOYMENT_TARGET = 18.0;
				LOCALIZATION_PREFERS_STRING_CATALOGS = YES;
				MACOSX_DEPLOYMENT_TARGET = 27.0;
				MTL_ENABLE_DEBUG_INFO = NO;
				MTL_FAST_MATH = YES;
				PROJECT_UNIQUE_VALUE = R3Z1B43X;
				STRING_CATALOG_GENERATE_SYMBOLS = YES;
				SWIFT_COMPILATION_MODE = wholemodule;
				WATCHOS_DEPLOYMENT_TARGET = 27.0;
				XROS_DEPLOYMENT_TARGET = 27.0;
			};
			name = Release;
		};
		000000000000000111000000 /* Debug configuration for PBXNativeTarget "ScreenTimeNext" */ = {
			isa = XCBuildConfiguration;
			buildSettings = {
				ASSETCATALOG_COMPILER_APPICON_NAME = AppIcon;
				CODE_SIGN_ENTITLEMENTS = Config/ScreenTimeNext.entitlements;
				CODE_SIGN_STYLE = Automatic;
				CURRENT_PROJECT_VERSION = 1;
				DEVELOPMENT_TEAM = UL96K6Z74J;
				ENABLE_PREVIEWS = YES;
				GENERATE_INFOPLIST_FILE = YES;
				INFOPLIST_KEY_CFBundleDisplayName = ScreenTimeNext;
				INFOPLIST_KEY_NSFaceIDUsageDescription = "So a parent can unlock ScreenTimeNext's controls without typing their PIN.";
				INFOPLIST_KEY_NSSupportsLiveActivities = YES;
				"INFOPLIST_KEY_UIApplicationSceneManifest_Generation[sdk=iphoneos*]" = YES;
				"INFOPLIST_KEY_UIApplicationSceneManifest_Generation[sdk=iphonesimulator*]" = YES;
				"INFOPLIST_KEY_UIApplicationSupportsIndirectInputEvents[sdk=iphoneos*]" = YES;
				"INFOPLIST_KEY_UIApplicationSupportsIndirectInputEvents[sdk=iphonesimulator*]" = YES;
				"INFOPLIST_KEY_UILaunchScreen_Generation[sdk=iphoneos*]" = YES;
				"INFOPLIST_KEY_UILaunchScreen_Generation[sdk=iphonesimulator*]" = YES;
				"INFOPLIST_KEY_UIStatusBarStyle[sdk=iphoneos*]" = UIStatusBarStyleDefault;
				"INFOPLIST_KEY_UIStatusBarStyle[sdk=iphonesimulator*]" = UIStatusBarStyleDefault;
				INFOPLIST_KEY_UISupportedInterfaceOrientations_iPad = "UIInterfaceOrientationPortrait UIInterfaceOrientationPortraitUpsideDown UIInterfaceOrientationLandscapeLeft UIInterfaceOrientationLandscapeRight";
				INFOPLIST_KEY_UISupportedInterfaceOrientations_iPhone = "UIInterfaceOrientationPortrait UIInterfaceOrientationLandscapeLeft UIInterfaceOrientationLandscapeRight";
				LD_RUNPATH_SEARCH_PATHS = "@executable_path/Frameworks";
				MARKETING_VERSION = 1.0;
				PRODUCT_BUNDLE_IDENTIFIER = io.github.guodominic.screentimenext;
				PRODUCT_NAME = "$(TARGET_NAME)";
				REGISTER_APP_GROUPS = YES;
				SDKROOT = auto;
				STRING_CATALOG_GENERATE_SYMBOLS = YES;
				SUPPORTED_PLATFORMS = "iphoneos iphonesimulator";
				SWIFT_APPROACHABLE_CONCURRENCY = YES;
				SWIFT_DEFAULT_ACTOR_ISOLATION = MainActor;
				SWIFT_EMIT_LOC_STRINGS = YES;
				SWIFT_UPCOMING_FEATURE_MEMBER_IMPORT_VISIBILITY = YES;
				SWIFT_VERSION = 5.0;
				TARGETED_DEVICE_FAMILY = "1,2";
			};
			name = Debug;
		};
		000000000000000112000000 /* Release configuration for PBXNativeTarget "ScreenTimeNext" */ = {
			isa = XCBuildConfiguration;
			buildSettings = {
				ASSETCATALOG_COMPILER_APPICON_NAME = AppIcon;
				CODE_SIGN_ENTITLEMENTS = Config/ScreenTimeNext.entitlements;
				CODE_SIGN_IDENTITY = "Apple Development";
				CODE_SIGN_STYLE = Automatic;
				CURRENT_PROJECT_VERSION = 1;
				DEVELOPMENT_TEAM = UL96K6Z74J;
				ENABLE_PREVIEWS = YES;
				GENERATE_INFOPLIST_FILE = YES;
				INFOPLIST_KEY_CFBundleDisplayName = ScreenTimeNext;
				INFOPLIST_KEY_NSFaceIDUsageDescription = "So a parent can unlock ScreenTimeNext's controls without typing their PIN.";
				INFOPLIST_KEY_NSSupportsLiveActivities = YES;
				"INFOPLIST_KEY_UIApplicationSceneManifest_Generation[sdk=iphoneos*]" = YES;
				"INFOPLIST_KEY_UIApplicationSceneManifest_Generation[sdk=iphonesimulator*]" = YES;
				"INFOPLIST_KEY_UIApplicationSupportsIndirectInputEvents[sdk=iphoneos*]" = YES;
				"INFOPLIST_KEY_UIApplicationSupportsIndirectInputEvents[sdk=iphonesimulator*]" = YES;
				"INFOPLIST_KEY_UILaunchScreen_Generation[sdk=iphoneos*]" = YES;
				"INFOPLIST_KEY_UILaunchScreen_Generation[sdk=iphonesimulator*]" = YES;
				"INFOPLIST_KEY_UIStatusBarStyle[sdk=iphoneos*]" = UIStatusBarStyleDefault;
				"INFOPLIST_KEY_UIStatusBarStyle[sdk=iphonesimulator*]" = UIStatusBarStyleDefault;
				INFOPLIST_KEY_UISupportedInterfaceOrientations_iPad = "UIInterfaceOrientationPortrait UIInterfaceOrientationPortraitUpsideDown UIInterfaceOrientationLandscapeLeft UIInterfaceOrientationLandscapeRight";
				INFOPLIST_KEY_UISupportedInterfaceOrientations_iPhone = "UIInterfaceOrientationPortrait UIInterfaceOrientationLandscapeLeft UIInterfaceOrientationLandscapeRight";
				LD_RUNPATH_SEARCH_PATHS = "@executable_path/Frameworks";
				MARKETING_VERSION = 1.0;
				PRODUCT_BUNDLE_IDENTIFIER = io.github.guodominic.screentimenext;
				PRODUCT_NAME = "$(TARGET_NAME)";
				PROVISIONING_PROFILE_SPECIFIER = "";
				REGISTER_APP_GROUPS = YES;
				SDKROOT = auto;
				STRING_CATALOG_GENERATE_SYMBOLS = YES;
				SUPPORTED_PLATFORMS = "iphoneos iphonesimulator";
				SWIFT_APPROACHABLE_CONCURRENCY = YES;
				SWIFT_DEFAULT_ACTOR_ISOLATION = MainActor;
				SWIFT_EMIT_LOC_STRINGS = YES;
				SWIFT_UPCOMING_FEATURE_MEMBER_IMPORT_VISIBILITY = YES;
				SWIFT_VERSION = 5.0;
				TARGETED_DEVICE_FAMILY = "1,2";
			};
			name = Release;
		};
		18252728304E0A3900E14321 /* Debug configuration for PBXNativeTarget "DeviceActivityMonitorExtension" */ = {
			isa = XCBuildConfiguration;
			buildSettings = {
				CODE_SIGN_ENTITLEMENTS = DeviceActivityMonitorExtension/DeviceActivityMonitorExtension.entitlements;
				CODE_SIGN_STYLE = Automatic;
				CURRENT_PROJECT_VERSION = 1;
				DEVELOPMENT_TEAM = UL96K6Z74J;
				GENERATE_INFOPLIST_FILE = YES;
				INFOPLIST_FILE = DeviceActivityMonitorExtension/Info.plist;
				INFOPLIST_KEY_CFBundleDisplayName = DeviceActivityMonitorExtension;
				INFOPLIST_KEY_NSHumanReadableCopyright = "";
				IPHONEOS_DEPLOYMENT_TARGET = 18.0;
				LD_RUNPATH_SEARCH_PATHS = (
					"$(inherited)",
					"@executable_path/Frameworks",
					"@executable_path/../../Frameworks",
				);
				MARKETING_VERSION = 1.0;
				PRODUCT_BUNDLE_IDENTIFIER = io.github.guodominic.screentimenext.DeviceActivityMonitorExtension;
				PRODUCT_NAME = "$(TARGET_NAME)";
				SDKROOT = iphoneos;
				SKIP_INSTALL = YES;
				STRING_CATALOG_GENERATE_SYMBOLS = YES;
				SWIFT_APPROACHABLE_CONCURRENCY = YES;
				SWIFT_EMIT_LOC_STRINGS = YES;
				SWIFT_UPCOMING_FEATURE_MEMBER_IMPORT_VISIBILITY = YES;
				SWIFT_VERSION = 5.0;
				TARGETED_DEVICE_FAMILY = "1,2";
			};
			name = Debug;
		};
		18252729304E0A3900E14321 /* Release configuration for PBXNativeTarget "DeviceActivityMonitorExtension" */ = {
			isa = XCBuildConfiguration;
			buildSettings = {
				CODE_SIGN_ENTITLEMENTS = DeviceActivityMonitorExtension/DeviceActivityMonitorExtension.entitlements;
				CODE_SIGN_IDENTITY = "Apple Development";
				CODE_SIGN_STYLE = Automatic;
				CURRENT_PROJECT_VERSION = 1;
				DEVELOPMENT_TEAM = UL96K6Z74J;
				GENERATE_INFOPLIST_FILE = YES;
				INFOPLIST_FILE = DeviceActivityMonitorExtension/Info.plist;
				INFOPLIST_KEY_CFBundleDisplayName = DeviceActivityMonitorExtension;
				INFOPLIST_KEY_NSHumanReadableCopyright = "";
				IPHONEOS_DEPLOYMENT_TARGET = 18.0;
				LD_RUNPATH_SEARCH_PATHS = (
					"$(inherited)",
					"@executable_path/Frameworks",
					"@executable_path/../../Frameworks",
				);
				MARKETING_VERSION = 1.0;
				PRODUCT_BUNDLE_IDENTIFIER = io.github.guodominic.screentimenext.DeviceActivityMonitorExtension;
				PRODUCT_NAME = "$(TARGET_NAME)";
				SDKROOT = iphoneos;
				SKIP_INSTALL = YES;
				STRING_CATALOG_GENERATE_SYMBOLS = YES;
				SWIFT_APPROACHABLE_CONCURRENCY = YES;
				SWIFT_EMIT_LOC_STRINGS = YES;
				SWIFT_UPCOMING_FEATURE_MEMBER_IMPORT_VISIBILITY = YES;
				SWIFT_VERSION = 5.0;
				TARGETED_DEVICE_FAMILY = "1,2";
				VALIDATE_PRODUCT = YES;
			};
			name = Release;
		};
		182527B7304E1D1E00E14321 /* Debug configuration for PBXNativeTarget "ShieldConfigurationExtension" */ = {
			isa = XCBuildConfiguration;
			buildSettings = {
				CODE_SIGN_ENTITLEMENTS = ShieldConfigurationExtension/ShieldConfigurationExtension.entitlements;
				CODE_SIGN_STYLE = Automatic;
				CURRENT_PROJECT_VERSION = 1;
				DEVELOPMENT_TEAM = UL96K6Z74J;
				GENERATE_INFOPLIST_FILE = YES;
				INFOPLIST_FILE = ShieldConfigurationExtension/Info.plist;
				INFOPLIST_KEY_CFBundleDisplayName = ShieldConfigurationExtension;
				INFOPLIST_KEY_NSHumanReadableCopyright = "";
				IPHONEOS_DEPLOYMENT_TARGET = 18.0;
				LD_RUNPATH_SEARCH_PATHS = (
					"$(inherited)",
					"@executable_path/Frameworks",
					"@executable_path/../../Frameworks",
				);
				MARKETING_VERSION = 1.0;
				PRODUCT_BUNDLE_IDENTIFIER = io.github.guodominic.screentimenext.ShieldConfigurationExtension;
				PRODUCT_NAME = "$(TARGET_NAME)";
				SDKROOT = iphoneos;
				SKIP_INSTALL = YES;
				STRING_CATALOG_GENERATE_SYMBOLS = YES;
				SWIFT_APPROACHABLE_CONCURRENCY = YES;
				SWIFT_EMIT_LOC_STRINGS = YES;
				SWIFT_UPCOMING_FEATURE_MEMBER_IMPORT_VISIBILITY = YES;
				SWIFT_VERSION = 5.0;
				TARGETED_DEVICE_FAMILY = "1,2";
			};
			name = Debug;
		};
		182527B8304E1D1E00E14321 /* Release configuration for PBXNativeTarget "ShieldConfigurationExtension" */ = {
			isa = XCBuildConfiguration;
			buildSettings = {
				CODE_SIGN_ENTITLEMENTS = ShieldConfigurationExtension/ShieldConfigurationExtension.entitlements;
				CODE_SIGN_IDENTITY = "Apple Development";
				CODE_SIGN_STYLE = Automatic;
				CURRENT_PROJECT_VERSION = 1;
				DEVELOPMENT_TEAM = UL96K6Z74J;
				GENERATE_INFOPLIST_FILE = YES;
				INFOPLIST_FILE = ShieldConfigurationExtension/Info.plist;
				INFOPLIST_KEY_CFBundleDisplayName = ShieldConfigurationExtension;
				INFOPLIST_KEY_NSHumanReadableCopyright = "";
				IPHONEOS_DEPLOYMENT_TARGET = 18.0;
				LD_RUNPATH_SEARCH_PATHS = (
					"$(inherited)",
					"@executable_path/Frameworks",
					"@executable_path/../../Frameworks",
				);
				MARKETING_VERSION = 1.0;
				PRODUCT_BUNDLE_IDENTIFIER = io.github.guodominic.screentimenext.ShieldConfigurationExtension;
				PRODUCT_NAME = "$(TARGET_NAME)";
				SDKROOT = iphoneos;
				SKIP_INSTALL = YES;
				STRING_CATALOG_GENERATE_SYMBOLS = YES;
				SWIFT_APPROACHABLE_CONCURRENCY = YES;
				SWIFT_EMIT_LOC_STRINGS = YES;
				SWIFT_UPCOMING_FEATURE_MEMBER_IMPORT_VISIBILITY = YES;
				SWIFT_VERSION = 5.0;
				TARGETED_DEVICE_FAMILY = "1,2";
				VALIDATE_PRODUCT = YES;
			};
			name = Release;
		};
		182527C9304E1D5000E14321 /* Debug configuration for PBXNativeTarget "ShieldActionExtension" */ = {
			isa = XCBuildConfiguration;
			buildSettings = {
				CODE_SIGN_ENTITLEMENTS = ShieldActionExtension/ShieldActionExtension.entitlements;
				CODE_SIGN_STYLE = Automatic;
				CURRENT_PROJECT_VERSION = 1;
				DEVELOPMENT_TEAM = UL96K6Z74J;
				GENERATE_INFOPLIST_FILE = YES;
				INFOPLIST_FILE = ShieldActionExtension/Info.plist;
				INFOPLIST_KEY_CFBundleDisplayName = ShieldActionExtension;
				INFOPLIST_KEY_NSHumanReadableCopyright = "";
				IPHONEOS_DEPLOYMENT_TARGET = 18.0;
				LD_RUNPATH_SEARCH_PATHS = (
					"$(inherited)",
					"@executable_path/Frameworks",
					"@executable_path/../../Frameworks",
				);
				MARKETING_VERSION = 1.0;
				PRODUCT_BUNDLE_IDENTIFIER = io.github.guodominic.screentimenext.ShieldActionExtension;
				PRODUCT_NAME = "$(TARGET_NAME)";
				SDKROOT = iphoneos;
				SKIP_INSTALL = YES;
				STRING_CATALOG_GENERATE_SYMBOLS = YES;
				SWIFT_APPROACHABLE_CONCURRENCY = YES;
				SWIFT_EMIT_LOC_STRINGS = YES;
				SWIFT_UPCOMING_FEATURE_MEMBER_IMPORT_VISIBILITY = YES;
				SWIFT_VERSION = 5.0;
				TARGETED_DEVICE_FAMILY = "1,2";
			};
			name = Debug;
		};
		182527CA304E1D5000E14321 /* Release configuration for PBXNativeTarget "ShieldActionExtension" */ = {
			isa = XCBuildConfiguration;
			buildSettings = {
				CODE_SIGN_ENTITLEMENTS = ShieldActionExtension/ShieldActionExtension.entitlements;
				CODE_SIGN_IDENTITY = "Apple Development";
				CODE_SIGN_STYLE = Automatic;
				CURRENT_PROJECT_VERSION = 1;
				DEVELOPMENT_TEAM = UL96K6Z74J;
				GENERATE_INFOPLIST_FILE = YES;
				INFOPLIST_FILE = ShieldActionExtension/Info.plist;
				INFOPLIST_KEY_CFBundleDisplayName = ShieldActionExtension;
				INFOPLIST_KEY_NSHumanReadableCopyright = "";
				IPHONEOS_DEPLOYMENT_TARGET = 18.0;
				LD_RUNPATH_SEARCH_PATHS = (
					"$(inherited)",
					"@executable_path/Frameworks",
					"@executable_path/../../Frameworks",
				);
				MARKETING_VERSION = 1.0;
				PRODUCT_BUNDLE_IDENTIFIER = io.github.guodominic.screentimenext.ShieldActionExtension;
				PRODUCT_NAME = "$(TARGET_NAME)";
				SDKROOT = iphoneos;
				SKIP_INSTALL = YES;
				STRING_CATALOG_GENERATE_SYMBOLS = YES;
				SWIFT_APPROACHABLE_CONCURRENCY = YES;
				SWIFT_EMIT_LOC_STRINGS = YES;
				SWIFT_UPCOMING_FEATURE_MEMBER_IMPORT_VISIBILITY = YES;
				SWIFT_VERSION = 5.0;
				TARGETED_DEVICE_FAMILY = "1,2";
				VALIDATE_PRODUCT = YES;
			};
			name = Release;
		};
		18862845304BDB6700CB1A52 /* Debug configuration for PBXNativeTarget "ScreenTimeNextWidgetsExtension" */ = {
			isa = XCBuildConfiguration;
			buildSettings = {
				ASSETCATALOG_COMPILER_GLOBAL_ACCENT_COLOR_NAME = AccentColor;
				ASSETCATALOG_COMPILER_WIDGET_BACKGROUND_COLOR_NAME = WidgetBackground;
				CODE_SIGN_ENTITLEMENTS = Config/ScreenTimeNextWidgets.entitlements;
				CODE_SIGN_STYLE = Automatic;
				CURRENT_PROJECT_VERSION = 1;
				DEVELOPMENT_TEAM = UL96K6Z74J;
				GENERATE_INFOPLIST_FILE = YES;
				INFOPLIST_FILE = ScreenTimeNextWidgets/Info.plist;
				INFOPLIST_KEY_CFBundleDisplayName = ScreenTimeNextWidgets;
				INFOPLIST_KEY_NSHumanReadableCopyright = "";
				IPHONEOS_DEPLOYMENT_TARGET = 18.0;
				LD_RUNPATH_SEARCH_PATHS = (
					"$(inherited)",
					"@executable_path/Frameworks",
					"@executable_path/../../Frameworks",
				);
				MARKETING_VERSION = 1.0;
				PRODUCT_BUNDLE_IDENTIFIER = io.github.guodominic.screentimenext.ScreenTimeNextWidgets;
				PRODUCT_NAME = "$(TARGET_NAME)";
				REGISTER_APP_GROUPS = YES;
				SDKROOT = iphoneos;
				SKIP_INSTALL = YES;
				STRING_CATALOG_GENERATE_SYMBOLS = YES;
				SWIFT_APPROACHABLE_CONCURRENCY = YES;
				SWIFT_EMIT_LOC_STRINGS = YES;
				SWIFT_UPCOMING_FEATURE_MEMBER_IMPORT_VISIBILITY = YES;
				SWIFT_VERSION = 5.0;
				TARGETED_DEVICE_FAMILY = "1,2";
			};
			name = Debug;
		};
		18862846304BDB6700CB1A52 /* Release configuration for PBXNativeTarget "ScreenTimeNextWidgetsExtension" */ = {
			isa = XCBuildConfiguration;
			buildSettings = {
				ASSETCATALOG_COMPILER_GLOBAL_ACCENT_COLOR_NAME = AccentColor;
				ASSETCATALOG_COMPILER_WIDGET_BACKGROUND_COLOR_NAME = WidgetBackground;
				CODE_SIGN_ENTITLEMENTS = Config/ScreenTimeNextWidgets.entitlements;
				CODE_SIGN_STYLE = Automatic;
				CURRENT_PROJECT_VERSION = 1;
				DEVELOPMENT_TEAM = UL96K6Z74J;
				GENERATE_INFOPLIST_FILE = YES;
				INFOPLIST_FILE = ScreenTimeNextWidgets/Info.plist;
				INFOPLIST_KEY_CFBundleDisplayName = ScreenTimeNextWidgets;
				INFOPLIST_KEY_NSHumanReadableCopyright = "";
				IPHONEOS_DEPLOYMENT_TARGET = 18.0;
				LD_RUNPATH_SEARCH_PATHS = (
					"$(inherited)",
					"@executable_path/Frameworks",
					"@executable_path/../../Frameworks",
				);
				MARKETING_VERSION = 1.0;
				PRODUCT_BUNDLE_IDENTIFIER = io.github.guodominic.screentimenext.ScreenTimeNextWidgets;
				PRODUCT_NAME = "$(TARGET_NAME)";
				REGISTER_APP_GROUPS = YES;
				SDKROOT = iphoneos;
				SKIP_INSTALL = YES;
				STRING_CATALOG_GENERATE_SYMBOLS = YES;
				SWIFT_APPROACHABLE_CONCURRENCY = YES;
				SWIFT_EMIT_LOC_STRINGS = YES;
				SWIFT_UPCOMING_FEATURE_MEMBER_IMPORT_VISIBILITY = YES;
				SWIFT_VERSION = 5.0;
				TARGETED_DEVICE_FAMILY = "1,2";
				VALIDATE_PRODUCT = YES;
			};
			name = Release;
		};
/* End XCBuildConfiguration section */

/* Begin XCConfigurationList section */
		000000000000000010000000 /* Build configuration list for PBXProject "ScreenTimeNext" */ = {
			isa = XCConfigurationList;
			buildConfigurations = (
				000000000000000011000000 /* Debug configuration for PBXProject "ScreenTimeNext" */,
				000000000000000012000000 /* Release configuration for PBXProject "ScreenTimeNext" */,
			);
			defaultConfigurationName = Release;
		};
		000000000000000110000000 /* Build configuration list for PBXNativeTarget "ScreenTimeNext" */ = {
			isa = XCConfigurationList;
			buildConfigurations = (
				000000000000000111000000 /* Debug configuration for PBXNativeTarget "ScreenTimeNext" */,
				000000000000000112000000 /* Release configuration for PBXNativeTarget "ScreenTimeNext" */,
			);
			defaultConfigurationName = Release;
		};
		18252727304E0A3900E14321 /* Build configuration list for PBXNativeTarget "DeviceActivityMonitorExtension" */ = {
			isa = XCConfigurationList;
			buildConfigurations = (
				18252728304E0A3900E14321 /* Debug configuration for PBXNativeTarget "DeviceActivityMonitorExtension" */,
				18252729304E0A3900E14321 /* Release configuration for PBXNativeTarget "DeviceActivityMonitorExtension" */,
			);
			defaultConfigurationName = Release;
		};
		182527B6304E1D1E00E14321 /* Build configuration list for PBXNativeTarget "ShieldConfigurationExtension" */ = {
			isa = XCConfigurationList;
			buildConfigurations = (
				182527B7304E1D1E00E14321 /* Debug configuration for PBXNativeTarget "ShieldConfigurationExtension" */,
				182527B8304E1D1E00E14321 /* Release configuration for PBXNativeTarget "ShieldConfigurationExtension" */,
			);
			defaultConfigurationName = Release;
		};
		182527C8304E1D5000E14321 /* Build configuration list for PBXNativeTarget "ShieldActionExtension" */ = {
			isa = XCConfigurationList;
			buildConfigurations = (
				182527C9304E1D5000E14321 /* Debug configuration for PBXNativeTarget "ShieldActionExtension" */,
				182527CA304E1D5000E14321 /* Release configuration for PBXNativeTarget "ShieldActionExtension" */,
			);
			defaultConfigurationName = Release;
		};
		18862848304BDB6700CB1A52 /* Build configuration list for PBXNativeTarget "ScreenTimeNextWidgetsExtension" */ = {
			isa = XCConfigurationList;
			buildConfigurations = (
				18862845304BDB6700CB1A52 /* Debug configuration for PBXNativeTarget "ScreenTimeNextWidgetsExtension" */,
				18862846304BDB6700CB1A52 /* Release configuration for PBXNativeTarget "ScreenTimeNextWidgetsExtension" */,
			);
			defaultConfigurationName = Release;
		};
/* End XCConfigurationList section */

/* Begin XCLocalSwiftPackageReference section */
		18CD1D72304BBA47006BAE45 /* XCLocalSwiftPackageReference "Packages/ScreenTimeNextCore" */ = {
			isa = XCLocalSwiftPackageReference;
			relativePath = Packages/ScreenTimeNextCore;
		};
/* End XCLocalSwiftPackageReference section */

/* Begin XCSwiftPackageProductDependency section */
		18252730304E0F3F00E14321 /* ScreenTimeNextCore */ = {
			isa = XCSwiftPackageProductDependency;
			package = 18CD1D72304BBA47006BAE45 /* XCLocalSwiftPackageReference "Packages/ScreenTimeNextCore" */;
			productName = ScreenTimeNextCore;
		};
		18252843304E1E2900E14321 /* ScreenTimeNextCore */ = {
			isa = XCSwiftPackageProductDependency;
			package = 18CD1D72304BBA47006BAE45 /* XCLocalSwiftPackageReference "Packages/ScreenTimeNextCore" */;
			productName = ScreenTimeNextCore;
		};
		18252845304E1E4A00E14321 /* ScreenTimeNextCore */ = {
			isa = XCSwiftPackageProductDependency;
			package = 18CD1D72304BBA47006BAE45 /* XCLocalSwiftPackageReference "Packages/ScreenTimeNextCore" */;
			productName = ScreenTimeNextCore;
		};
		18862895304BDC9B00CB1A52 /* ScreenTimeNextCore */ = {
			isa = XCSwiftPackageProductDependency;
			package = 18CD1D72304BBA47006BAE45 /* XCLocalSwiftPackageReference "Packages/ScreenTimeNextCore" */;
			productName = ScreenTimeNextCore;
		};
		18CD1D73304BBA47006BAE45 /* ScreenTimeNextCore */ = {
			isa = XCSwiftPackageProductDependency;
			productName = ScreenTimeNextCore;
		};
/* End XCSwiftPackageProductDependency section */
	};
	rootObject = 000000000000000000000000 /* Project object */;
}
